
Microsoft Visual Studio Solution File, Format Version 12.00
# Visual Studio Version 17
VisualStudioVersion = 17.14.36202.13 d17.14
MinimumVisualStudioVersion = 10.0.40219.1
Project("{FAE04EC0-301F-11D3-BF4B-00C04F79EFBC}") = "EntidadDeNegociosEN", "EntidadDeNegociosEN\EntidadDeNegociosEN.csproj", "{CFD49E3F-8C67-42DD-93F7-84E7ACA2B10A}"
EndProject
Project("{FAE04EC0-301F-11D3-BF4B-00C04F79EFBC}") = "LogicaDeAccesoADatosDAL", "LogicaDeAccesoADatosDAL\LogicaDeAccesoADatosDAL.csproj", "{24DA8CFF-401B-4388-94D7-9AFE0CA7F249}"
EndProject
Project("{FAE04EC0-301F-11D3-BF4B-00C04F79EFBC}") = "LogicaDeNegocioBL", "LogicaDeNegocioBL\LogicaDeNegocioBL.csproj", "{6505E45B-D477-4093-9C4E-8D9F6C7A315B}"
EndProject
Project("{FAE04EC0-301F-11D3-BF4B-00C04F79EFBC}") = "InterfazDeUsuarioUI", "InterfazDeUsuarioUI\InterfazDeUsuarioUI.csproj", "{C90B0275-35E6-41C8-9D23-3E2596157713}"
EndProject
Global
	GlobalSection(SolutionConfigurationPlatforms) = preSolution
		Debug|Any CPU = Debug|Any CPU
		Release|Any CPU = Release|Any CPU
	EndGlobalSection
	GlobalSection(ProjectConfigurationPlatforms) = postSolution
		{CFD49E3F-8C67-42DD-93F7-84E7ACA2B10A}.Debug|Any CPU.ActiveCfg = Debug|Any CPU
		{CFD49E3F-8C67-42DD-93F7-84E7ACA2B10A}.Debug|Any CPU.Build.0 = Debug|Any CPU
		{CFD49E3F-8C67-42DD-93F7-84E7ACA2B10A}.Release|Any CPU.ActiveCfg = Release|Any CPU
		{CFD49E3F-8C67-42DD-93F7-84E7ACA2B10A}.Release|Any CPU.Build.0 = Release|Any CPU
		{24DA8CFF-401B-4388-94D7-9AFE0CA7F249}.Debug|Any CPU.ActiveCfg = Debug|Any CPU
		{24DA8CFF-401B-4388-94D7-9AFE0CA7F249}.Debug|Any CPU.Build.0 = Debug|Any CPU
		{24DA8CFF-401B-4388-94D7-9AFE0CA7F249}.Release|Any CPU.ActiveCfg = Release|Any CPU
		{24DA8CFF-401B-4388-94D7-9AFE0CA7F249}.Release|Any CPU.Build.0 = Release|Any CPU
		{6505E45B-D477-4093-9C4E-8D9F6C7A315B}.Debug|Any CPU.ActiveCfg = Debug|Any CPU
		{6505E45B-D477-4093-9C4E-8D9F6C7A315B}.Debug|Any CPU.Build.0 = Debug|Any CPU
		{6505E45B-D477-4093-9C4E-8D9F6C7A315B}.Release|Any CPU.ActiveCfg = Release|Any CPU
		{6505E45B-D477-4093-9C4E-8D9F6C7A315B}.Release|Any CPU.Build.0 = Release|Any CPU
		{C90B0275-35E6-41C8-9D23-3E2596157713}.Debug|Any CPU.ActiveCfg = Debug|Any CPU
		{C90B0275-35E6-41C8-9D23-3E2596157713}.Debug|Any CPU.Build.0 = Debug|Any CPU
		{C90B0275-35E6-41C8-9D23-3E2596157713}.Release|Any CPU.ActiveCfg = Release|Any CPU
		{C90B0275-35E6-41C8-9D23-3E2596157713}.Release|Any CPU.Build.0 = Release|Any CPU
	EndGlobalSection
	GlobalSection(SolutionProperties) = preSolution
		HideSolutionNode = FALSE
	EndGlobalSection
	GlobalSection(ExtensibilityGlobals) = postSolution
		SolutionGuid = {618D02F3-35A0-40C7-8595-9CF7E09DC67D}
	EndGlobalSection
EndGlobal
